
Microsoft Visual Studio Solution File, Format Version 12.00
# Visual Studio Version 17
VisualStudioVersion = 17.12.35527.113 d17.12
MinimumVisualStudioVersion = 10.0.40219.1
Project("{FAE04EC0-301F-11D3-BF4B-00C04F79EFBC}") = "ImaginaryFriendsServiceTicketSystem.Server", "ImaginaryFriendsServiceTicketSystem.Server\ImaginaryFriendsServiceTicketSystem.Server.csproj", "{27202687-5C89-4BDE-9325-DAEB018B696E}"
EndProject
Project("{54A90642-561A-4BB1-A94E-469ADEE60C69}") = "imaginaryfriendsserviceticketsystem.client", "imaginaryfriendsserviceticketsystem.client\imaginaryfriendsserviceticketsystem.client.esproj", "{6457B8CA-7573-435F-BD35-173230F0A3E8}"
EndProject
Global
	GlobalSection(SolutionConfigurationPlatforms) = preSolution
		Debug|Any CPU = Debug|Any CPU
		Release|Any CPU = Release|Any CPU
	EndGlobalSection
	GlobalSection(ProjectConfigurationPlatforms) = postSolution
		{27202687-5C89-4BDE-9325-DAEB018B696E}.Debug|Any CPU.ActiveCfg = Debug|Any CPU
		{27202687-5C89-4BDE-9325-DAEB018B696E}.Debug|Any CPU.Build.0 = Debug|Any CPU
		{27202687-5C89-4BDE-9325-DAEB018B696E}.Release|Any CPU.ActiveCfg = Release|Any CPU
		{27202687-5C89-4BDE-9325-DAEB018B696E}.Release|Any CPU.Build.0 = Release|Any CPU
		{6457B8CA-7573-435F-BD35-173230F0A3E8}.Debug|Any CPU.ActiveCfg = Debug|Any CPU
		{6457B8CA-7573-435F-BD35-173230F0A3E8}.Debug|Any CPU.Build.0 = Debug|Any CPU
		{6457B8CA-7573-435F-BD35-173230F0A3E8}.Debug|Any CPU.Deploy.0 = Debug|Any CPU
		{6457B8CA-7573-435F-BD35-173230F0A3E8}.Release|Any CPU.ActiveCfg = Release|Any CPU
		{6457B8CA-7573-435F-BD35-173230F0A3E8}.Release|Any CPU.Build.0 = Release|Any CPU
		{6457B8CA-7573-435F-BD35-173230F0A3E8}.Release|Any CPU.Deploy.0 = Release|Any CPU
	EndGlobalSection
	GlobalSection(SolutionProperties) = preSolution
		HideSolutionNode = FALSE
	EndGlobalSection
EndGlobal
